
Microsoft Visual Studio Solution File, Format Version 12.00
# Visual Studio 14
VisualStudioVersion = 14.0.25420.1
MinimumVisualStudioVersion = 10.0.40219.1
Project("{8BC9CEB8-8B4A-11D0-8D11-00A0C91BC942}") = "Assignment3", "Assignment3.vcxproj", "{2080F24C-8FD2-4C11-9BB0-5C1CAC870B8C}"
EndProject
Project("{8BC9CEB8-8B4A-11D0-8D11-00A0C91BC942}") = "JPEG", "JPEG.vcxproj", "{86D9F642-C0C3-46EF-B5F0-843909DD8903}"
EndProject
Global
	GlobalSection(SolutionConfigurationPlatforms) = preSolution
		scene.ray|Win32 = scene.ray|Win32
		scene.ray|x64 = scene.ray|x64
		test.ray|Win32 = test.ray|Win32
		test.ray|x64 = test.ray|x64
	EndGlobalSection
	GlobalSection(ProjectConfigurationPlatforms) = postSolution
		{2080F24C-8FD2-4C11-9BB0-5C1CAC870B8C}.scene.ray|Win32.ActiveCfg = scene.ray|Win32
		{2080F24C-8FD2-4C11-9BB0-5C1CAC870B8C}.scene.ray|Win32.Build.0 = scene.ray|Win32
		{2080F24C-8FD2-4C11-9BB0-5C1CAC870B8C}.scene.ray|x64.ActiveCfg = scene.ray|x64
		{2080F24C-8FD2-4C11-9BB0-5C1CAC870B8C}.scene.ray|x64.Build.0 = scene.ray|x64
		{2080F24C-8FD2-4C11-9BB0-5C1CAC870B8C}.test.ray|Win32.ActiveCfg = scene.ray|Win32
		{2080F24C-8FD2-4C11-9BB0-5C1CAC870B8C}.test.ray|Win32.Build.0 = scene.ray|Win32
		{2080F24C-8FD2-4C11-9BB0-5C1CAC870B8C}.test.ray|x64.ActiveCfg = test.ray|x64
		{2080F24C-8FD2-4C11-9BB0-5C1CAC870B8C}.test.ray|x64.Build.0 = test.ray|x64
		{86D9F642-C0C3-46EF-B5F0-843909DD8903}.scene.ray|Win32.ActiveCfg = Release|Win32
		{86D9F642-C0C3-46EF-B5F0-843909DD8903}.scene.ray|Win32.Build.0 = Release|Win32
		{86D9F642-C0C3-46EF-B5F0-843909DD8903}.scene.ray|x64.ActiveCfg = Release|x64
		{86D9F642-C0C3-46EF-B5F0-843909DD8903}.scene.ray|x64.Build.0 = Release|x64
		{86D9F642-C0C3-46EF-B5F0-843909DD8903}.test.ray|Win32.ActiveCfg = Release|Win32
		{86D9F642-C0C3-46EF-B5F0-843909DD8903}.test.ray|Win32.Build.0 = Release|Win32
		{86D9F642-C0C3-46EF-B5F0-843909DD8903}.test.ray|x64.ActiveCfg = Release|x64
		{86D9F642-C0C3-46EF-B5F0-843909DD8903}.test.ray|x64.Build.0 = Release|x64
	EndGlobalSection
	GlobalSection(SolutionProperties) = preSolution
		HideSolutionNode = FALSE
	EndGlobalSection
EndGlobal
